<?xml version="1.0" encoding="utf-8"?>
<Project ToolsVersion="4.0" xmlns="http://schemas.microsoft.com/developer/msbuild/2003">
  <ItemGroup>
    <Filter Include="Magma">
      <UniqueIdentifier>{4854A70D-B468-CFBE-7DEA-721EE9BDCBEF}</UniqueIdentifier>
    </Filter>
  </ItemGroup>
  <ItemGroup>
    <ClInclude Include="src\Magma.h" />
    <ClInclude Include="src\Magma\Application.h">
      <Filter>Magma</Filter>
    </ClInclude>
    <ClInclude Include="src\Magma\Core.h">
      <Filter>Magma</Filter>
    </ClInclude>
    <ClInclude Include="src\Magma\EntryPoint.h">
      <Filter>Magma</Filter>
    </ClInclude>
    <ClInclude Include="src\Magma\Log.h">
      <Filter>Magma</Filter>
    </ClInclude>
  </ItemGroup>
  <ItemGroup>
    <ClCompile Include="src\Magma\Application.cpp">
      <Filter>Magma</Filter>
    </ClCompile>
    <ClCompile Include="src\Magma\Log.cpp">
      <Filter>Magma</Filter>
    </ClCompile>
  </ItemGroup>
</Project>